# This file is automatically @generated by Cargo.
# It is not intended for manual editing.
version = 3

[[package]]
name = "SoundRust"
version = "0.1.0"
dependencies = [
 "soloud",
]

[[package]]
name = "bitflags"
version = "2.6.0"
source = "registry+https://github.com/rust-lang/crates.io-index"
checksum = "b048fb63fd8b5923fc5aa7b340d8e156aec7ec02f0c78fa8a6ddc2613f6f71de"

[[package]]
name = "cc"
version = "1.1.6"
source = "registry+https://github.com/rust-lang/crates.io-index"
checksum = "2aba8f4e9906c7ce3c73463f62a7f0c65183ada1a2d47e397cc8810827f9694f"

[[package]]
name = "cmake"
version = "0.1.50"
source = "registry+https://github.com/rust-lang/crates.io-index"
checksum = "a31c789563b815f77f4250caee12365734369f942439b7defd71e18a48197130"
dependencies = [
 "cc",
]

[[package]]
name = "paste"
version = "1.0.15"
source = "registry+https://github.com/rust-lang/crates.io-index"
checksum = "57c0d7b74b563b49d38dae00a0c37d4d6de9b432382b2892f0574ddcae73fd0a"

[[package]]
name = "soloud"
version = "1.0.5"
source = "registry+https://github.com/rust-lang/crates.io-index"
checksum = "f40cbdc64b205d53f861657923d4f94bd56ffa81e11b8ad920ac79447ececb47"
dependencies = [
 "bitflags",
 "paste",
 "soloud-sys",
]

[[package]]
name = "soloud-sys"
version = "1.0.5"
source = "registry+https://github.com/rust-lang/crates.io-index"
checksum = "f02ffc83bc0ae8897f7a13e975bde2126d7a9a9aa82d73d129ac8e60461f7b41"
dependencies = [
 "cmake",
]
